# This file is automatically @generated by Poetry 2.2.1 and should not be changed by hand.

[[package]]
name = "duckdb"
version = "1.4.3"
description = "DuckDB in-process database"
optional = false
python-versions = ">=3.9.0"
groups = ["main"]
files = [
    {file = "duckdb-1.4.3-cp310-cp310-macosx_10_9_universal2.whl", hash = "sha256:efa7f1191c59e34b688fcd4e588c1b903a4e4e1f4804945902cf0b20e08a9001"},
    {file = "duckdb-1.4.3-cp310-cp310-macosx_10_9_x86_64.whl", hash = "sha256:4fef6a053a1c485292000bf0c338bba60f89d334f6a06fc76ba4085a5a322b76"},
    {file = "duckdb-1.4.3-cp310-cp310-macosx_11_0_arm64.whl", hash = "sha256:702dabbc22b27dc5b73e7599c60deef3d8c59968527c36b391773efddd8f4cf1"},
    {file = "duckdb-1.4.3-cp310-cp310-manylinux_2_26_aarch64.manylinux_2_28_aarch64.whl", hash = "sha256:854b79375fa618f6ffa8d84fb45cbc9db887f6c4834076ea10d20bc106f1fd90"},
    {file = "duckdb-1.4.3-cp310-cp310-manylinux_2_26_x86_64.manylinux_2_28_x86_64.whl", hash = "sha256:1bb8bd5a3dd205983726185b280a211eacc9f5bc0c4d4505bec8c87ac33a8ccb"},
    {file = "duckdb-1.4.3-cp310-cp310-win_amd64.whl", hash = "sha256:d0ff08388ef8b1d1a4c95c321d6c5fa11201b241036b1ee740f9d841df3d6ba2"},
    {file = "duckdb-1.4.3-cp311-cp311-macosx_10_9_universal2.whl", hash = "sha256:366bf607088053dce845c9d24c202c04d78022436cc5d8e4c9f0492de04afbe7"},
    {file = "duckdb-1.4.3-cp311-cp311-macosx_10_9_x86_64.whl", hash = "sha256:8d080e8d1bf2d226423ec781f539c8f6b6ef3fd42a9a58a7160de0a00877a21f"},
    {file = "duckdb-1.4.3-cp311-cp311-macosx_11_0_arm64.whl", hash = "sha256:9dc049ba7e906cb49ca2b6d4fbf7b6615ec3883193e8abb93f0bef2652e42dda"},
    {file = "duckdb-1.4.3-cp311-cp311-manylinux_2_26_aarch64.manylinux_2_28_aarch64.whl", hash = "sha256:2b30245375ea94ab528c87c61fc3ab3e36331180b16af92ee3a37b810a745d24"},
    {file = "duckdb-1.4.3-cp311-cp311-manylinux_2_26_x86_64.manylinux_2_28_x86_64.whl", hash = "sha256:a7c864df027da1ee95f0c32def67e15d02cd4a906c9c1cbae82c09c5112f526b"},
    {file = "duckdb-1.4.3-cp311-cp311-win_amd64.whl", hash = "sha256:813f189039b46877b5517f1909c7b94a8fe01b4bde2640ab217537ea0fe9b59b"},
    {file = "duckdb-1.4.3-cp311-cp311-win_arm64.whl", hash = "sha256:fbc63ffdd03835f660155b37a1b6db2005bcd46e5ad398b8cac141eb305d2a3d"},
    {file = "duckdb-1.4.3-cp312-cp312-macosx_10_13_universal2.whl", hash = "sha256:6302452e57aef29aae3977063810ed7b2927967b97912947b9cca45c1c21955f"},
    {file = "duckdb-1.4.3-cp312-cp312-macosx_10_13_x86_64.whl", hash = "sha256:deab351ac43b6282a3270e3d40e3d57b3b50f472d9fd8c30975d88a31be41231"},
    {file = "duckdb-1.4.3-cp312-cp312-macosx_11_0_arm64.whl", hash = "sha256:5634e40e1e2d972e4f75bced1fbdd9e9e90faa26445c1052b27de97ee546944a"},
    {file = "duckdb-1.4.3-cp312-cp312-manylinux_2_26_aarch64.manylinux_2_28_aarch64.whl", hash = "sha256:274d4a31aba63115f23e7e7b401e3e3a937f3626dc9dea820a9c7d3073f450d2"},
    {file = "duckdb-1.4.3-cp312-cp312-manylinux_2_26_x86_64.manylinux_2_28_x86_64.whl", hash = "sha256:4f868a7e6d9b37274a1aa34849ea92aa964e9bd59a5237d6c17e8540533a1e4f"},
    {file = "duckdb-1.4.3-cp312-cp312-win_amd64.whl", hash = "sha256:ef7ef15347ce97201b1b5182a5697682679b04c3374d5a01ac10ba31cf791b95"},
    {file = "duckdb-1.4.3-cp312-cp312-win_arm64.whl", hash = "sha256:1b9b445970fd18274d5ac07a0b24c032e228f967332fb5ebab3d7db27738c0e4"},
    {file = "duckdb-1.4.3-cp313-cp313-macosx_10_13_universal2.whl", hash = "sha256:16952ac05bd7e7b39946695452bf450db1ebbe387e1e7178e10f593f2ea7b9a8"},
    {file = "duckdb-1.4.3-cp313-cp313-macosx_10_13_x86_64.whl", hash = "sha256:de984cd24a6cbefdd6d4a349f7b9a46e583ca3e58ce10d8def0b20a6e5fcbe78"},
    {file = "duckdb-1.4.3-cp313-cp313-macosx_11_0_arm64.whl", hash = "sha256:1e5457dda91b67258aae30fb1a0df84183a9f6cd27abac1d5536c0d876c6dfa1"},
    {file = "duckdb-1.4.3-cp313-cp313-manylinux_2_26_aarch64.manylinux_2_28_aarch64.whl", hash = "sha256:006aca6a6d6736c441b02ff5c7600b099bb8b7f4de094b8b062137efddce42df"},
    {file = "duckdb-1.4.3-cp313-cp313-manylinux_2_26_x86_64.manylinux_2_28_x86_64.whl", hash = "sha256:a2813f4635f4d6681cc3304020374c46aca82758c6740d7edbc237fe3aae2744"},
    {file = "duckdb-1.4.3-cp313-cp313-win_amd64.whl", hash = "sha256:6db124f53a3edcb32b0a896ad3519e37477f7e67bf4811cb41ab60c1ef74e4c8"},
    {file = "duckdb-1.4.3-cp313-cp313-win_arm64.whl", hash = "sha256:a8b0a8764e1b5dd043d168c8f749314f7a1252b5a260fa415adaa26fa3b958fd"},
    {file = "duckdb-1.4.3-cp314-cp314-macosx_10_15_universal2.whl", hash = "sha256:316711a9e852bcfe1ed6241a5f654983f67e909e290495f3562cccdf43be8180"},
    {file = "duckdb-1.4.3-cp314-cp314-macosx_10_15_x86_64.whl", hash = "sha256:9e625b2b4d52bafa1fd0ebdb0990c3961dac8bb00e30d327185de95b68202131"},
    {file = "duckdb-1.4.3-cp314-cp314-macosx_11_0_arm64.whl", hash = "sha256:130c6760f6c573f9c9fe9aba56adba0fab48811a4871b7b8fd667318b4a3e8da"},
    {file = "duckdb-1.4.3-cp314-cp314-manylinux_2_26_aarch64.manylinux_2_28_aarch64.whl", hash = "sha256:20c88effaa557a11267706b01419c542fe42f893dee66e5a6daa5974ea2d4a46"},
    {file = "duckdb-1.4.3-cp314-cp314-manylinux_2_26_x86_64.manylinux_2_28_x86_64.whl", hash = "sha256:1b35491db98ccd11d151165497c084a9d29d3dc42fc80abea2715a6c861ca43d"},
    {file = "duckdb-1.4.3-cp314-cp314-win_amd64.whl", hash = "sha256:23b12854032c1a58d0452e2b212afa908d4ce64171862f3792ba9a596ba7c765"},
    {file = "duckdb-1.4.3-cp314-cp314-win_arm64.whl", hash = "sha256:90f241f25cffe7241bf9f376754a5845c74775e00e1c5731119dc88cd71e0cb2"},
    {file = "duckdb-1.4.3-cp39-cp39-macosx_10_9_universal2.whl", hash = "sha256:aa26a7406205bc1426cee28bdfdf084f669a5686977dafa4c3ec65873989593c"},
    {file = "duckdb-1.4.3-cp39-cp39-macosx_10_9_x86_64.whl", hash = "sha256:caa2164c91f7e91befb1ffb081b3cd97a137117533aef7abe1538b03ad72e3a9"},
    {file = "duckdb-1.4.3-cp39-cp39-macosx_11_0_arm64.whl", hash = "sha256:8d53b217698a76c4957e2c807dd9295d409146f9d3d7932f372883201ba9d25a"},
    {file = "duckdb-1.4.3-cp39-cp39-manylinux_2_26_aarch64.manylinux_2_28_aarch64.whl", hash = "sha256:8afba22c370f06b7314aa46bfed052509269e482bcfb3f7b1ea0fa17ae49ce42"},
    {file = "duckdb-1.4.3-cp39-cp39-manylinux_2_26_x86_64.manylinux_2_28_x86_64.whl", hash = "sha256:2b195270ff1a661f22cbd547a215baff265b7d4469a76a215c8992b5994107c3"},
    {file = "duckdb-1.4.3-cp39-cp39-win_amd64.whl", hash = "sha256:23a3a077821bed1768a84ac9cbf6b6487ead33e28e62cb118bda5fb8f9e53dea"},
    {file = "duckdb-1.4.3.tar.gz", hash = "sha256:fea43e03604c713e25a25211ada87d30cd2a044d8f27afab5deba26ac49e5268"},
]

[package.extras]
all = ["adbc-driver-manager", "fsspec", "ipython", "numpy", "pandas", "pyarrow"]

[metadata]
lock-version = "2.1"
python-versions = ">=3.14"
content-hash = "4c4c8e3f6c94e1292be51542589149bac39680a4de36708200af45c3d9c78e35"
